
Microsoft Visual Studio Solution File, Format Version 12.00
# Visual Studio 15
VisualStudioVersion = 15.0.28307.1022
MinimumVisualStudioVersion = 10.0.40219.1
Project("{FAE04EC0-301F-11D3-BF4B-00C04F79EFBC}") = "AsyncAwaitInConsole", "AsyncAwaitInConsole\AsyncAwaitInConsole.csproj", "{DA8F3E7D-79FB-4005-8340-64EA3DCF174D}"
EndProject
Project("{FAE04EC0-301F-11D3-BF4B-00C04F79EFBC}") = "AsyncAwaitInWpf", "AsyncAwaitInWpf\AsyncAwaitInWpf.csproj", "{83224FD5-4682-4C96-9FB1-E140D58B21B4}"
EndProject
Global
	GlobalSection(SolutionConfigurationPlatforms) = preSolution
		Debug|Any CPU = Debug|Any CPU
		Release|Any CPU = Release|Any CPU
	EndGlobalSection
	GlobalSection(ProjectConfigurationPlatforms) = postSolution
		{DA8F3E7D-79FB-4005-8340-64EA3DCF174D}.Debug|Any CPU.ActiveCfg = Debug|Any CPU
		{DA8F3E7D-79FB-4005-8340-64EA3DCF174D}.Debug|Any CPU.Build.0 = Debug|Any CPU
		{DA8F3E7D-79FB-4005-8340-64EA3DCF174D}.Release|Any CPU.ActiveCfg = Release|Any CPU
		{DA8F3E7D-79FB-4005-8340-64EA3DCF174D}.Release|Any CPU.Build.0 = Release|Any CPU
		{83224FD5-4682-4C96-9FB1-E140D58B21B4}.Debug|Any CPU.ActiveCfg = Debug|Any CPU
		{83224FD5-4682-4C96-9FB1-E140D58B21B4}.Debug|Any CPU.Build.0 = Debug|Any CPU
		{83224FD5-4682-4C96-9FB1-E140D58B21B4}.Release|Any CPU.ActiveCfg = Release|Any CPU
		{83224FD5-4682-4C96-9FB1-E140D58B21B4}.Release|Any CPU.Build.0 = Release|Any CPU
	EndGlobalSection
	GlobalSection(SolutionProperties) = preSolution
		HideSolutionNode = FALSE
	EndGlobalSection
	GlobalSection(ExtensibilityGlobals) = postSolution
		SolutionGuid = {34A1F430-F569-4CEB-B19A-A32F0BDACCBC}
	EndGlobalSection
EndGlobal
